
Microsoft Visual Studio Solution File, Format Version 12.00
# Visual Studio Version 17
VisualStudioVersion = 17.4.33110.190
MinimumVisualStudioVersion = 10.0.40219.1
Project("{888888A0-9F3D-457C-B088-3A5042F75D52}") = "Oma_moodul4", "Oma_moodul4\Oma_moodul4.pyproj", "{0BE053A2-BCB7-4456-AA8A-6DC34E9C1A7E}"
EndProject
Global
	GlobalSection(SolutionConfigurationPlatforms) = preSolution
		Debug|Any CPU = Debug|Any CPU
		Release|Any CPU = Release|Any CPU
	EndGlobalSection
	GlobalSection(ProjectConfigurationPlatforms) = postSolution
		{0BE053A2-BCB7-4456-AA8A-6DC34E9C1A7E}.Debug|Any CPU.ActiveCfg = Debug|Any CPU
		{0BE053A2-BCB7-4456-AA8A-6DC34E9C1A7E}.Release|Any CPU.ActiveCfg = Release|Any CPU
	EndGlobalSection
	GlobalSection(SolutionProperties) = preSolution
		HideSolutionNode = FALSE
	EndGlobalSection
	GlobalSection(ExtensibilityGlobals) = postSolution
		SolutionGuid = {5A0ECBF2-62C1-4C2D-AAEE-6C730B9EF344}
	EndGlobalSection
EndGlobal
